// !$*UTF8*$!
{
	archiveVersion = 1;
	classes = {
	};
	objectVersion = 46;
	objects = {

/* Begin PBXBuildFile section */
		040AF7351924E58900F5FDCB /* about_us_alert@2x.png in Resources */ = {isa = PBXBuildFile; fileRef = 040AF72D1924E58900F5FDCB /* about_us_alert@2x.png */; };
		040AF7361924E58900F5FDCB /* about_us_bg@2x.png in Resources */ = {isa = PBXBuildFile; fileRef = 040AF72E1924E58900F5FDCB /* about_us_bg@2x.png */; };
		040AF7371924E58900F5FDCB /* about_us_qiqi@2x.png in Resources */ = {isa = PBXBuildFile; fileRef = 040AF72F1924E58900F5FDCB /* about_us_qiqi@2x.png */; };
		040AF7381924E58900F5FDCB /* setting_about_us_sec@2x.png in Resources */ = {isa = PBXBuildFile; fileRef = 040AF7301924E58900F5FDCB /* setting_about_us_sec@2x.png */; };
		040AF7391924E58900F5FDCB /* setting_about_us@2x.png in Resources */ = {isa = PBXBuildFile; fileRef = 040AF7311924E58900F5FDCB /* setting_about_us@2x.png */; };
		040AF73A1924E58900F5FDCB /* setting_ping_jia_sec@2x.png in Resources */ = {isa = PBXBuildFile; fileRef = 040AF7321924E58900F5FDCB /* setting_ping_jia_sec@2x.png */; };
		040AF73B1924E58900F5FDCB /* setting_ping_jia@2x.png in Resources */ = {isa = PBXBuildFile; fileRef = 040AF7331924E58900F5FDCB /* setting_ping_jia@2x.png */; };
		040AF73C1924E58900F5FDCB /* setting_voice@2x.png in Resources */ = {isa = PBXBuildFile; fileRef = 040AF7341924E58900F5FDCB /* setting_voice@2x.png */; };
		040AF73F1924E77A00F5FDCB /* KENViewAboutUs.m in Sources */ = {isa = PBXBuildFile; fileRef = 040AF73E1924E77A00F5FDCB /* KENViewAboutUs.m */; };
		040AF7421924F3C200F5FDCB /* KENViewAlert.m in Sources */ = {isa = PBXBuildFile; fileRef = 040AF7411924F3C200F5FDCB /* KENViewAlert.m */; };
		040AF7451925095200F5FDCB /* button_close_sec@2x.png in Resources */ = {isa = PBXBuildFile; fileRef = 040AF7431925095200F5FDCB /* button_close_sec@2x.png */; };
		040AF7461925095200F5FDCB /* button_close@2x.png in Resources */ = {isa = PBXBuildFile; fileRef = 040AF7441925095200F5FDCB /* button_close@2x.png */; };
		040AF74B1925101700F5FDCB /* button_cancel_sec@2x.png in Resources */ = {isa = PBXBuildFile; fileRef = 040AF7471925101700F5FDCB /* button_cancel_sec@2x.png */; };
		040AF74C1925101700F5FDCB /* button_cancel@2x.png in Resources */ = {isa = PBXBuildFile; fileRef = 040AF7481925101700F5FDCB /* button_cancel@2x.png */; };
		040AF74D1925101700F5FDCB /* button_confirm_sec@2x.png in Resources */ = {isa = PBXBuildFile; fileRef = 040AF7491925101700F5FDCB /* button_confirm_sec@2x.png */; };
		040AF74E1925101700F5FDCB /* button_confirm@2x.png in Resources */ = {isa = PBXBuildFile; fileRef = 040AF74A1925101700F5FDCB /* button_confirm@2x.png */; };
		040C21111923B2A500B2E38E /* KENViewMemory.m in Sources */ = {isa = PBXBuildFile; fileRef = 040C21101923B2A500B2E38E /* KENViewMemory.m */; };
		040C21141923B2C800B2E38E /* KENViewDirection.m in Sources */ = {isa = PBXBuildFile; fileRef = 040C21131923B2C800B2E38E /* KENViewDirection.m */; };
		040C211B1923B8ED00B2E38E /* direction_health_title@2x.png in Resources */ = {isa = PBXBuildFile; fileRef = 040C21151923B8ED00B2E38E /* direction_health_title@2x.png */; };
		040C211C1923B8ED00B2E38E /* direction_love_title@2x.png in Resources */ = {isa = PBXBuildFile; fileRef = 040C21161923B8ED00B2E38E /* direction_love_title@2x.png */; };
		040C211D1923B8ED00B2E38E /* direction_money_title@2x.png in Resources */ = {isa = PBXBuildFile; fileRef = 040C21171923B8ED00B2E38E /* direction_money_title@2x.png */; };
		040C211E1923B8ED00B2E38E /* direction_relation_title@2x.png in Resources */ = {isa = PBXBuildFile; fileRef = 040C21181923B8ED00B2E38E /* direction_relation_title@2x.png */; };
		040C211F1923B8ED00B2E38E /* direction_work_title@2x.png in Resources */ = {isa = PBXBuildFile; fileRef = 040C21191923B8ED00B2E38E /* direction_work_title@2x.png */; };
		040C21201923B8ED00B2E38E /* memory_title@2x.png in Resources */ = {isa = PBXBuildFile; fileRef = 040C211A1923B8ED00B2E38E /* memory_title@2x.png */; };
		040C21251923BDDB00B2E38E /* memory_btn_edit_sec@2x.png in Resources */ = {isa = PBXBuildFile; fileRef = 040C21211923BDDB00B2E38E /* memory_btn_edit_sec@2x.png */; };
		040C21261923BDDB00B2E38E /* memory_btn_edit@2x.png in Resources */ = {isa = PBXBuildFile; fileRef = 040C21221923BDDB00B2E38E /* memory_btn_edit@2x.png */; };
		040C21271923BDDB00B2E38E /* memory_btn_ok_sec@2x.png in Resources */ = {isa = PBXBuildFile; fileRef = 040C21231923BDDB00B2E38E /* memory_btn_ok_sec@2x.png */; };
		040C21281923BDDB00B2E38E /* memory_btn_ok@2x.png in Resources */ = {isa = PBXBuildFile; fileRef = 040C21241923BDDB00B2E38E /* memory_btn_ok@2x.png */; };
		041A0AF9192634E4007618C6 /* direction.plist in Resources */ = {isa = PBXBuildFile; fileRef = 041A0AF8192634E4007618C6 /* direction.plist */; };
		041A0AFC1926531C007618C6 /* KENViewQuestion.m in Sources */ = {isa = PBXBuildFile; fileRef = 041A0AFB1926531C007618C6 /* KENViewQuestion.m */; };
		041A0AFF1926580B007618C6 /* app_btn_ok_sec@2x.png in Resources */ = {isa = PBXBuildFile; fileRef = 041A0AFD1926580B007618C6 /* app_btn_ok_sec@2x.png */; };
		041A0B001926580B007618C6 /* app_btn_ok@2x.png in Resources */ = {isa = PBXBuildFile; fileRef = 041A0AFE1926580B007618C6 /* app_btn_ok@2x.png */; };
		041A0B271926588E007618C6 /* direction_paizhen_01@2x.png in Resources */ = {isa = PBXBuildFile; fileRef = 041A0B021926588E007618C6 /* direction_paizhen_01@2x.png */; };
		041A0B281926588E007618C6 /* direction_paizhen_01_sec@2x.png in Resources */ = {isa = PBXBuildFile; fileRef = 041A0B031926588E007618C6 /* direction_paizhen_01_sec@2x.png */; };
		041A0B291926588E007618C6 /* direction_paizhen_02@2x.png in Resources */ = {isa = PBXBuildFile; fileRef = 041A0B041926588E007618C6 /* direction_paizhen_02@2x.png */; };
		041A0B2A1926588E007618C6 /* direction_paizhen_02_sec@2x.png in Resources */ = {isa = PBXBuildFile; fileRef = 041A0B051926588E007618C6 /* direction_paizhen_02_sec@2x.png */; };
		041A0B2B1926588E007618C6 /* direction_paizhen_03@2x.png in Resources */ = {isa = PBXBuildFile; fileRef = 041A0B061926588E007618C6 /* direction_paizhen_03@2x.png */; };
		041A0B2C1926588E007618C6 /* direction_paizhen_03_sec@2x.png in Resources */ = {isa = PBXBuildFile; fileRef = 041A0B071926588E007618C6 /* direction_paizhen_03_sec@2x.png */; };
		041A0B2D1926588E007618C6 /* direction_paizhen_04@2x.png in Resources */ = {isa = PBXBuildFile; fileRef = 041A0B081926588E007618C6 /* direction_paizhen_04@2x.png */; };
		041A0B2E1926588E007618C6 /* direction_paizhen_04_sec@2x.png in Resources */ = {isa = PBXBuildFile; fileRef = 041A0B091926588E007618C6 /* direction_paizhen_04_sec@2x.png */; };
		041A0B2F1926588E007618C6 /* direction_paizhen_05@2x.png in Resources */ = {isa = PBXBuildFile; fileRef = 041A0B0A1926588E007618C6 /* direction_paizhen_05@2x.png */; };
		041A0B301926588E007618C6 /* direction_paizhen_05_sec@2x.png in Resources */ = {isa = PBXBuildFile; fileRef = 041A0B0B1926588E007618C6 /* direction_paizhen_05_sec@2x.png */; };
		041A0B311926588E007618C6 /* direction_paizhen_06@2x.png in Resources */ = {isa = PBXBuildFile; fileRef = 041A0B0C1926588E007618C6 /* direction_paizhen_06@2x.png */; };
		041A0B321926588E007618C6 /* direction_paizhen_06_sec@2x.png in Resources */ = {isa = PBXBuildFile; fileRef = 041A0B0D1926588E007618C6 /* direction_paizhen_06_sec@2x.png */; };
		041A0B331926588E007618C6 /* direction_paizhen_07@2x.png in Resources */ = {isa = PBXBuildFile; fileRef = 041A0B0E1926588E007618C6 /* direction_paizhen_07@2x.png */; };
		041A0B341926588E007618C6 /* direction_paizhen_07_sec@2x.png in Resources */ = {isa = PBXBuildFile; fileRef = 041A0B0F1926588E007618C6 /* direction_paizhen_07_sec@2x.png */; };
		041A0B351926588E007618C6 /* direction_paizhen_08@2x.png in Resources */ = {isa = PBXBuildFile; fileRef = 041A0B101926588E007618C6 /* direction_paizhen_08@2x.png */; };
		041A0B361926588E007618C6 /* direction_paizhen_08_sec@2x.png in Resources */ = {isa = PBXBuildFile; fileRef = 041A0B111926588E007618C6 /* direction_paizhen_08_sec@2x.png */; };
		041A0B371926588E007618C6 /* direction_paizhen_09@2x.png in Resources */ = {isa = PBXBuildFile; fileRef = 041A0B121926588E007618C6 /* direction_paizhen_09@2x.png */; };
		041A0B381926588E007618C6 /* direction_paizhen_09_sec@2x.png in Resources */ = {isa = PBXBuildFile; fileRef = 041A0B131926588E007618C6 /* direction_paizhen_09_sec@2x.png */; };
		041A0B391926588E007618C6 /* direction_paizhen_10@2x.png in Resources */ = {isa = PBXBuildFile; fileRef = 041A0B141926588E007618C6 /* direction_paizhen_10@2x.png */; };
		041A0B3A1926588E007618C6 /* direction_paizhen_10_sec@2x.png in Resources */ = {isa = PBXBuildFile; fileRef = 041A0B151926588E007618C6 /* direction_paizhen_10_sec@2x.png */; };
		041A0B3B1926588E007618C6 /* direction_paizhen_11@2x.png in Resources */ = {isa = PBXBuildFile; fileRef = 041A0B161926588E007618C6 /* direction_paizhen_11@2x.png */; };
		041A0B3C1926588E007618C6 /* direction_paizhen_11_sec@2x.png in Resources */ = {isa = PBXBuildFile; fileRef = 041A0B171926588E007618C6 /* direction_paizhen_11_sec@2x.png */; };
		041A0B3D1926588E007618C6 /* direction_paizhen_12@2x.png in Resources */ = {isa = PBXBuildFile; fileRef = 041A0B181926588E007618C6 /* direction_paizhen_12@2x.png */; };
		041A0B3E1926588E007618C6 /* direction_paizhen_12_sec@2x.png in Resources */ = {isa = PBXBuildFile; fileRef = 041A0B191926588E007618C6 /* direction_paizhen_12_sec@2x.png */; };
		041A0B3F1926588E007618C6 /* direction_paizhen_14@2x.png in Resources */ = {isa = PBXBuildFile; fileRef = 041A0B1A1926588E007618C6 /* direction_paizhen_14@2x.png */; };
		041A0B401926588E007618C6 /* direction_paizhen_14_sec@2x.png in Resources */ = {isa = PBXBuildFile; fileRef = 041A0B1B1926588E007618C6 /* direction_paizhen_14_sec@2x.png */; };
		041A0B411926588E007618C6 /* direction_paizhen_15@2x.png in Resources */ = {isa = PBXBuildFile; fileRef = 041A0B1C1926588E007618C6 /* direction_paizhen_15@2x.png */; };
		041A0B421926588E007618C6 /* direction_paizhen_15_sec@2x.png in Resources */ = {isa = PBXBuildFile; fileRef = 041A0B1D1926588E007618C6 /* direction_paizhen_15_sec@2x.png */; };
		041A0B431926588E007618C6 /* direction_paizhen_16@2x.png in Resources */ = {isa = PBXBuildFile; fileRef = 041A0B1E1926588E007618C6 /* direction_paizhen_16@2x.png */; };
		041A0B441926588E007618C6 /* direction_paizhen_16_sec@2x.png in Resources */ = {isa = PBXBuildFile; fileRef = 041A0B1F1926588E007618C6 /* direction_paizhen_16_sec@2x.png */; };
		041A0B451926588E007618C6 /* direction_paizhen_17@2x.png in Resources */ = {isa = PBXBuildFile; fileRef = 041A0B201926588E007618C6 /* direction_paizhen_17@2x.png */; };
		041A0B461926588E007618C6 /* direction_paizhen_17_sec@2x.png in Resources */ = {isa = PBXBuildFile; fileRef = 041A0B211926588E007618C6 /* direction_paizhen_17_sec@2x.png */; };
		041A0B471926588E007618C6 /* direction_paizhen_18@2x.png in Resources */ = {isa = PBXBuildFile; fileRef = 041A0B221926588E007618C6 /* direction_paizhen_18@2x.png */; };
		041A0B481926588E007618C6 /* direction_paizhen_18_sec@2x.png in Resources */ = {isa = PBXBuildFile; fileRef = 041A0B231926588E007618C6 /* direction_paizhen_18_sec@2x.png */; };
		041A0B491926588E007618C6 /* direction_paizhen_19@2x.png in Resources */ = {isa = PBXBuildFile; fileRef = 041A0B241926588E007618C6 /* direction_paizhen_19@2x.png */; };
		041A0B4A1926588E007618C6 /* direction_paizhen_19_sec@2x.png in Resources */ = {isa = PBXBuildFile; fileRef = 041A0B251926588E007618C6 /* direction_paizhen_19_sec@2x.png */; };
		041A0B4B1926588E007618C6 /* direction_paizhen_jiami@2x.png in Resources */ = {isa = PBXBuildFile; fileRef = 041A0B261926588E007618C6 /* direction_paizhen_jiami@2x.png */; };
		041A0B4D19265897007618C6 /* question_write_down@2x.png in Resources */ = {isa = PBXBuildFile; fileRef = 041A0B4C19265897007618C6 /* question_write_down@2x.png */; };
		042635AB192718DC0057B4EF /* KENViewPaiZhen.m in Sources */ = {isa = PBXBuildFile; fileRef = 042635AA192718DC0057B4EF /* KENViewPaiZhen.m */; };
		04A07BA41922478C00F33A1D /* an_jian.mp3 in Resources */ = {isa = PBXBuildFile; fileRef = 04A07B9D1922478C00F33A1D /* an_jian.mp3 */; };
		04A07BA51922478C00F33A1D /* chou_pai.mp3 in Resources */ = {isa = PBXBuildFile; fileRef = 04A07B9E1922478C00F33A1D /* chou_pai.mp3 */; };
		04A07BA61922478C00F33A1D /* fan_pai.mp3 in Resources */ = {isa = PBXBuildFile; fileRef = 04A07B9F1922478C00F33A1D /* fan_pai.mp3 */; };
		04A07BA71922478C00F33A1D /* fan_pai_hou.mp3 in Resources */ = {isa = PBXBuildFile; fileRef = 04A07BA01922478C00F33A1D /* fan_pai_hou.mp3 */; };
		04A07BA81922478C00F33A1D /* xi_pai.mp3 in Resources */ = {isa = PBXBuildFile; fileRef = 04A07BA11922478C00F33A1D /* xi_pai.mp3 */; };
		04A07BA91922478C00F33A1D /* zhuan_pan_ting.mp3 in Resources */ = {isa = PBXBuildFile; fileRef = 04A07BA21922478C00F33A1D /* zhuan_pan_ting.mp3 */; };
		04A07BAA1922478C00F33A1D /* zhuan_pan_zhuan_dong.mp3 in Resources */ = {isa = PBXBuildFile; fileRef = 04A07BA31922478C00F33A1D /* zhuan_pan_zhuan_dong.mp3 */; };
		04A07BAF1922479400F33A1D /* home_point@2x.png in Resources */ = {isa = PBXBuildFile; fileRef = 04A07BAB1922479400F33A1D /* home_point@2x.png */; };
		04A07BB01922479400F33A1D /* home_setting@2x.png in Resources */ = {isa = PBXBuildFile; fileRef = 04A07BAC1922479400F33A1D /* home_setting@2x.png */; };
		04A07BB11922479400F33A1D /* home_title@2x.png in Resources */ = {isa = PBXBuildFile; fileRef = 04A07BAD1922479400F33A1D /* home_title@2x.png */; };
		04A07BB21922479400F33A1D /* home_zhuanpan@2x.png in Resources */ = {isa = PBXBuildFile; fileRef = 04A07BAE1922479400F33A1D /* home_zhuanpan@2x.png */; };
		04A07BB41922495C00F33A1D /* AudioToolbox.framework in Frameworks */ = {isa = PBXBuildFile; fileRef = 04A07BB31922495C00F33A1D /* AudioToolbox.framework */; };
		04A07BB719224FAF00F33A1D /* KENViewSetting.m in Sources */ = {isa = PBXBuildFile; fileRef = 04A07BB619224FAF00F33A1D /* KENViewSetting.m */; };
		04A07BBA1922521400F33A1D /* app_btn_back_sec@2x.png in Resources */ = {isa = PBXBuildFile; fileRef = 04A07BB81922521400F33A1D /* app_btn_back_sec@2x.png */; };
		04A07BBB1922521400F33A1D /* app_btn_back@2x.png in Resources */ = {isa = PBXBuildFile; fileRef = 04A07BB91922521400F33A1D /* app_btn_back@2x.png */; };
		04A07BBD1922586500F33A1D /* setting_title@2x.png in Resources */ = {isa = PBXBuildFile; fileRef = 04A07BBC1922586500F33A1D /* setting_title@2x.png */; };
		04A07BC0192261C300F33A1D /* KENDataManager.m in Sources */ = {isa = PBXBuildFile; fileRef = 04A07BBF192261C300F33A1D /* KENDataManager.m */; };
		04B323151920ED1400C055FF /* Foundation.framework in Frameworks */ = {isa = PBXBuildFile; fileRef = 04B323141920ED1400C055FF /* Foundation.framework */; };
		04B323171920ED1400C055FF /* CoreGraphics.framework in Frameworks */ = {isa = PBXBuildFile; fileRef = 04B323161920ED1400C055FF /* CoreGraphics.framework */; };
		04B323191920ED1400C055FF /* UIKit.framework in Frameworks */ = {isa = PBXBuildFile; fileRef = 04B323181920ED1400C055FF /* UIKit.framework */; };
		04B3231B1920ED1400C055FF /* CoreData.framework in Frameworks */ = {isa = PBXBuildFile; fileRef = 04B3231A1920ED1400C055FF /* CoreData.framework */; };
		04B323211920ED1400C055FF /* InfoPlist.strings in Resources */ = {isa = PBXBuildFile; fileRef = 04B3231F1920ED1400C055FF /* InfoPlist.strings */; };
		04B323231920ED1400C055FF /* main.m in Sources */ = {isa = PBXBuildFile; fileRef = 04B323221920ED1400C055FF /* main.m */; };
		04B3232C1920ED1400C055FF /* Images.xcassets in Resources */ = {isa = PBXBuildFile; fileRef = 04B3232B1920ED1400C055FF /* Images.xcassets */; };
		04B323331920ED1400C055FF /* XCTest.framework in Frameworks */ = {isa = PBXBuildFile; fileRef = 04B323321920ED1400C055FF /* XCTest.framework */; };
		04B323341920ED1400C055FF /* Foundation.framework in Frameworks */ = {isa = PBXBuildFile; fileRef = 04B323141920ED1400C055FF /* Foundation.framework */; };
		04B323351920ED1400C055FF /* UIKit.framework in Frameworks */ = {isa = PBXBuildFile; fileRef = 04B323181920ED1400C055FF /* UIKit.framework */; };
		04B323361920ED1400C055FF /* CoreData.framework in Frameworks */ = {isa = PBXBuildFile; fileRef = 04B3231A1920ED1400C055FF /* CoreData.framework */; };
		04B3233E1920ED1400C055FF /* InfoPlist.strings in Resources */ = {isa = PBXBuildFile; fileRef = 04B3233C1920ED1400C055FF /* InfoPlist.strings */; };
		04B323401920ED1400C055FF /* KENDivinationTests.m in Sources */ = {isa = PBXBuildFile; fileRef = 04B3233F1920ED1400C055FF /* KENDivinationTests.m */; };
		04B323541920EE0700C055FF /* KENAppDelegate.m in Sources */ = {isa = PBXBuildFile; fileRef = 04B3234C1920EE0700C055FF /* KENAppDelegate.m */; };
		04B323551920EE0700C055FF /* KENDivination.xcdatamodeld in Sources */ = {isa = PBXBuildFile; fileRef = 04B323521920EE0700C055FF /* KENDivination.xcdatamodeld */; };
		04B323581920EE6B00C055FF /* KENModel.m in Sources */ = {isa = PBXBuildFile; fileRef = 04B323571920EE6B00C055FF /* KENModel.m */; };
		04B3235D1920EFD200C055FF /* KENViewController.m in Sources */ = {isa = PBXBuildFile; fileRef = 04B3235C1920EFD200C055FF /* KENViewController.m */; };
		04B323621920F51E00C055FF /* icon-120@2x.png in Resources */ = {isa = PBXBuildFile; fileRef = 04B3235E1920F51E00C055FF /* icon-120@2x.png */; };
		04B323631920F51E00C055FF /* icon-ipad.png in Resources */ = {isa = PBXBuildFile; fileRef = 04B3235F1920F51E00C055FF /* icon-ipad.png */; };
		04B323641920F51E00C055FF /* icon-iphone.png in Resources */ = {isa = PBXBuildFile; fileRef = 04B323601920F51E00C055FF /* icon-iphone.png */; };
		04B323651920F51E00C055FF /* icon-iphone@2x.png in Resources */ = {isa = PBXBuildFile; fileRef = 04B323611920F51E00C055FF /* icon-iphone@2x.png */; };
		04B323671920F5EB00C055FF /* icon-ipad@2x.png in Resources */ = {isa = PBXBuildFile; fileRef = 04B323661920F5EB00C055FF /* icon-ipad@2x.png */; };
		04B3236A1920F67400C055FF /* 76x76.png in Resources */ = {isa = PBXBuildFile; fileRef = 04B323681920F67400C055FF /* 76x76.png */; };
		04B3236B1920F67400C055FF /* 152x152.png in Resources */ = {isa = PBXBuildFile; fileRef = 04B323691920F67400C055FF /* 152x152.png */; };
		04B3236E1920FA7E00C055FF /* KENViewBase.m in Sources */ = {isa = PBXBuildFile; fileRef = 04B3236D1920FA7E00C055FF /* KENViewBase.m */; };
		04B323711920FA8700C055FF /* KENUtils.m in Sources */ = {isa = PBXBuildFile; fileRef = 04B323701920FA8700C055FF /* KENUtils.m */; };
		04B323741920FB0500C055FF /* KENViewFactory.m in Sources */ = {isa = PBXBuildFile; fileRef = 04B323731920FB0500C055FF /* KENViewFactory.m */; };
		04B3237719210FEB00C055FF /* KENViewHome.m in Sources */ = {isa = PBXBuildFile; fileRef = 04B3237619210FEB00C055FF /* KENViewHome.m */; };
		04E577F3192112F200688137 /* app_background_image@2x.png in Resources */ = {isa = PBXBuildFile; fileRef = 04E577F2192112F200688137 /* app_background_image@2x.png */; };
		04E577F5192115BE00688137 /* home_background_image@2x.png in Resources */ = {isa = PBXBuildFile; fileRef = 04E577F4192115BE00688137 /* home_background_image@2x.png */; };
/* End PBXBuildFile section */

/* Begin PBXContainerItemProxy section */
		04B323371920ED1400C055FF /* PBXContainerItemProxy */ = {
			isa = PBXContainerItemProxy;
			containerPortal = 04B323091920ED1400C055FF /* Project object */;
			proxyType = 1;
			remoteGlobalIDString = 04B323101920ED1400C055FF;
			remoteInfo = KENDivination;
		};
/* End PBXContainerItemProxy section */

/* Begin PBXFileReference section */
		040AF72D1924E58900F5FDCB /* about_us_alert@2x.png */ = {isa = PBXFileReference; lastKnownFileType = image.png; path = "about_us_alert@2x.png"; sourceTree = "<group>"; };
		040AF72E1924E58900F5FDCB /* about_us_bg@2x.png */ = {isa = PBXFileReference; lastKnownFileType = image.png; path = "about_us_bg@2x.png"; sourceTree = "<group>"; };
		040AF72F1924E58900F5FDCB /* about_us_qiqi@2x.png */ = {isa = PBXFileReference; lastKnownFileType = image.png; path = "about_us_qiqi@2x.png"; sourceTree = "<group>"; };
		040AF7301924E58900F5FDCB /* setting_about_us_sec@2x.png */ = {isa = PBXFileReference; lastKnownFileType = image.png; path = "setting_about_us_sec@2x.png"; sourceTree = "<group>"; };
		040AF7311924E58900F5FDCB /* setting_about_us@2x.png */ = {isa = PBXFileReference; lastKnownFileType = image.png; path = "setting_about_us@2x.png"; sourceTree = "<group>"; };
		040AF7321924E58900F5FDCB /* setting_ping_jia_sec@2x.png */ = {isa = PBXFileReference; lastKnownFileType = image.png; path = "setting_ping_jia_sec@2x.png"; sourceTree = "<group>"; };
		040AF7331924E58900F5FDCB /* setting_ping_jia@2x.png */ = {isa = PBXFileReference; lastKnownFileType = image.png; path = "setting_ping_jia@2x.png"; sourceTree = "<group>"; };
		040AF7341924E58900F5FDCB /* setting_voice@2x.png */ = {isa = PBXFileReference; lastKnownFileType = image.png; path = "setting_voice@2x.png"; sourceTree = "<group>"; };
		040AF73D1924E77A00F5FDCB /* KENViewAboutUs.h */ = {isa = PBXFileReference; fileEncoding = 4; lastKnownFileType = sourcecode.c.h; path = KENViewAboutUs.h; sourceTree = "<group>"; };
		040AF73E1924E77A00F5FDCB /* KENViewAboutUs.m */ = {isa = PBXFileReference; fileEncoding = 4; lastKnownFileType = sourcecode.c.objc; path = KENViewAboutUs.m; sourceTree = "<group>"; };
		040AF7401924F3C200F5FDCB /* KENViewAlert.h */ = {isa = PBXFileReference; fileEncoding = 4; lastKnownFileType = sourcecode.c.h; path = KENViewAlert.h; sourceTree = "<group>"; };
		040AF7411924F3C200F5FDCB /* KENViewAlert.m */ = {isa = PBXFileReference; fileEncoding = 4; lastKnownFileType = sourcecode.c.objc; path = KENViewAlert.m; sourceTree = "<group>"; };
		040AF7431925095200F5FDCB /* button_close_sec@2x.png */ = {isa = PBXFileReference; lastKnownFileType = image.png; path = "button_close_sec@2x.png"; sourceTree = "<group>"; };
		040AF7441925095200F5FDCB /* button_close@2x.png */ = {isa = PBXFileReference; lastKnownFileType = image.png; path = "button_close@2x.png"; sourceTree = "<group>"; };
		040AF7471925101700F5FDCB /* button_cancel_sec@2x.png */ = {isa = PBXFileReference; lastKnownFileType = image.png; path = "button_cancel_sec@2x.png"; sourceTree = "<group>"; };
		040AF7481925101700F5FDCB /* button_cancel@2x.png */ = {isa = PBXFileReference; lastKnownFileType = image.png; path = "button_cancel@2x.png"; sourceTree = "<group>"; };
		040AF7491925101700F5FDCB /* button_confirm_sec@2x.png */ = {isa = PBXFileReference; lastKnownFileType = image.png; path = "button_confirm_sec@2x.png"; sourceTree = "<group>"; };
		040AF74A1925101700F5FDCB /* button_confirm@2x.png */ = {isa = PBXFileReference; lastKnownFileType = image.png; path = "button_confirm@2x.png"; sourceTree = "<group>"; };
		040C210F1923B2A500B2E38E /* KENViewMemory.h */ = {isa = PBXFileReference; fileEncoding = 4; lastKnownFileType = sourcecode.c.h; path = KENViewMemory.h; sourceTree = "<group>"; };
		040C21101923B2A500B2E38E /* KENViewMemory.m */ = {isa = PBXFileReference; fileEncoding = 4; lastKnownFileType = sourcecode.c.objc; path = KENViewMemory.m; sourceTree = "<group>"; };
		040C21121923B2C800B2E38E /* KENViewDirection.h */ = {isa = PBXFileReference; fileEncoding = 4; lastKnownFileType = sourcecode.c.h; path = KENViewDirection.h; sourceTree = "<group>"; };
		040C21131923B2C800B2E38E /* KENViewDirection.m */ = {isa = PBXFileReference; fileEncoding = 4; lastKnownFileType = sourcecode.c.objc; path = KENViewDirection.m; sourceTree = "<group>"; };
		040C21151923B8ED00B2E38E /* direction_health_title@2x.png */ = {isa = PBXFileReference; lastKnownFileType = image.png; path = "direction_health_title@2x.png"; sourceTree = "<group>"; };
		040C21161923B8ED00B2E38E /* direction_love_title@2x.png */ = {isa = PBXFileReference; lastKnownFileType = image.png; path = "direction_love_title@2x.png"; sourceTree = "<group>"; };
		040C21171923B8ED00B2E38E /* direction_money_title@2x.png */ = {isa = PBXFileReference; lastKnownFileType = image.png; path = "direction_money_title@2x.png"; sourceTree = "<group>"; };
		040C21181923B8ED00B2E38E /* direction_relation_title@2x.png */ = {isa = PBXFileReference; lastKnownFileType = image.png; path = "direction_relation_title@2x.png"; sourceTree = "<group>"; };
		040C21191923B8ED00B2E38E /* direction_work_title@2x.png */ = {isa = PBXFileReference; lastKnownFileType = image.png; path = "direction_work_title@2x.png"; sourceTree = "<group>"; };
		040C211A1923B8ED00B2E38E /* memory_title@2x.png */ = {isa = PBXFileReference; lastKnownFileType = image.png; path = "memory_title@2x.png"; sourceTree = "<group>"; };
		040C21211923BDDB00B2E38E /* memory_btn_edit_sec@2x.png */ = {isa = PBXFileReference; lastKnownFileType = image.png; path = "memory_btn_edit_sec@2x.png"; sourceTree = "<group>"; };
		040C21221923BDDB00B2E38E /* memory_btn_edit@2x.png */ = {isa = PBXFileReference; lastKnownFileType = image.png; path = "memory_btn_edit@2x.png"; sourceTree = "<group>"; };
		040C21231923BDDB00B2E38E /* memory_btn_ok_sec@2x.png */ = {isa = PBXFileReference; lastKnownFileType = image.png; path = "memory_btn_ok_sec@2x.png"; sourceTree = "<group>"; };
		040C21241923BDDB00B2E38E /* memory_btn_ok@2x.png */ = {isa = PBXFileReference; lastKnownFileType = image.png; path = "memory_btn_ok@2x.png"; sourceTree = "<group>"; };
		041A0AF8192634E4007618C6 /* direction.plist */ = {isa = PBXFileReference; fileEncoding = 4; lastKnownFileType = text.plist.xml; path = direction.plist; sourceTree = "<group>"; };
		041A0AFA1926531C007618C6 /* KENViewQuestion.h */ = {isa = PBXFileReference; fileEncoding = 4; lastKnownFileType = sourcecode.c.h; path = KENViewQuestion.h; sourceTree = "<group>"; };
		041A0AFB1926531C007618C6 /* KENViewQuestion.m */ = {isa = PBXFileReference; fileEncoding = 4; lastKnownFileType = sourcecode.c.objc; path = KENViewQuestion.m; sourceTree = "<group>"; };
		041A0AFD1926580B007618C6 /* app_btn_ok_sec@2x.png */ = {isa = PBXFileReference; lastKnownFileType = image.png; path = "app_btn_ok_sec@2x.png"; sourceTree = "<group>"; };
		041A0AFE1926580B007618C6 /* app_btn_ok@2x.png */ = {isa = PBXFileReference; lastKnownFileType = image.png; path = "app_btn_ok@2x.png"; sourceTree = "<group>"; };
		041A0B021926588E007618C6 /* direction_paizhen_01@2x.png */ = {isa = PBXFileReference; lastKnownFileType = image.png; path = "direction_paizhen_01@2x.png"; sourceTree = "<group>"; };
		041A0B031926588E007618C6 /* direction_paizhen_01_sec@2x.png */ = {isa = PBXFileReference; lastKnownFileType = image.png; path = "direction_paizhen_01_sec@2x.png"; sourceTree = "<group>"; };
		041A0B041926588E007618C6 /* direction_paizhen_02@2x.png */ = {isa = PBXFileReference; lastKnownFileType = image.png; path = "direction_paizhen_02@2x.png"; sourceTree = "<group>"; };
		041A0B051926588E007618C6 /* direction_paizhen_02_sec@2x.png */ = {isa = PBXFileReference; lastKnownFileType = image.png; path = "direction_paizhen_02_sec@2x.png"; sourceTree = "<group>"; };
		041A0B061926588E007618C6 /* direction_paizhen_03@2x.png */ = {isa = PBXFileReference; lastKnownFileType = image.png; path = "direction_paizhen_03@2x.png"; sourceTree = "<group>"; };
		041A0B071926588E007618C6 /* direction_paizhen_03_sec@2x.png */ = {isa = PBXFileReference; lastKnownFileType = image.png; path = "direction_paizhen_03_sec@2x.png"; sourceTree = "<group>"; };
		041A0B081926588E007618C6 /* direction_paizhen_04@2x.png */ = {isa = PBXFileReference; lastKnownFileType = image.png; path = "direction_paizhen_04@2x.png"; sourceTree = "<group>"; };
		041A0B091926588E007618C6 /* direction_paizhen_04_sec@2x.png */ = {isa = PBXFileReference; lastKnownFileType = image.png; path = "direction_paizhen_04_sec@2x.png"; sourceTree = "<group>"; };
		041A0B0A1926588E007618C6 /* direction_paizhen_05@2x.png */ = {isa = PBXFileReference; lastKnownFileType = image.png; path = "direction_paizhen_05@2x.png"; sourceTree = "<group>"; };
		041A0B0B1926588E007618C6 /* direction_paizhen_05_sec@2x.png */ = {isa = PBXFileReference; lastKnownFileType = image.png; path = "direction_paizhen_05_sec@2x.png"; sourceTree = "<group>"; };
		041A0B0C1926588E007618C6 /* direction_paizhen_06@2x.png */ = {isa = PBXFileReference; lastKnownFileType = image.png; path = "direction_paizhen_06@2x.png"; sourceTree = "<group>"; };
		041A0B0D1926588E007618C6 /* direction_paizhen_06_sec@2x.png */ = {isa = PBXFileReference; lastKnownFileType = image.png; path = "direction_paizhen_06_sec@2x.png"; sourceTree = "<group>"; };
		041A0B0E1926588E007618C6 /* direction_paizhen_07@2x.png */ = {isa = PBXFileReference; lastKnownFileType = image.png; path = "direction_paizhen_07@2x.png"; sourceTree = "<group>"; };
		041A0B0F1926588E007618C6 /* direction_paizhen_07_sec@2x.png */ = {isa = PBXFileReference; lastKnownFileType = image.png; path = "direction_paizhen_07_sec@2x.png"; sourceTree = "<group>"; };
		041A0B101926588E007618C6 /* direction_paizhen_08@2x.png */ = {isa = PBXFileReference; lastKnownFileType = image.png; path = "direction_paizhen_08@2x.png"; sourceTree = "<group>"; };
		041A0B111926588E007618C6 /* direction_paizhen_08_sec@2x.png */ = {isa = PBXFileReference; lastKnownFileType = image.png; path = "direction_paizhen_08_sec@2x.png"; sourceTree = "<group>"; };
		041A0B121926588E007618C6 /* direction_paizhen_09@2x.png */ = {isa = PBXFileReference; lastKnownFileType = image.png; path = "direction_paizhen_09@2x.png"; sourceTree = "<group>"; };
		041A0B131926588E007618C6 /* direction_paizhen_09_sec@2x.png */ = {isa = PBXFileReference; lastKnownFileType = image.png; path = "direction_paizhen_09_sec@2x.png"; sourceTree = "<group>"; };
		041A0B141926588E007618C6 /* direction_paizhen_10@2x.png */ = {isa = PBXFileReference; lastKnownFileType = image.png; path = "direction_paizhen_10@2x.png"; sourceTree = "<group>"; };
		041A0B151926588E007618C6 /* direction_paizhen_10_sec@2x.png */ = {isa = PBXFileReference; lastKnownFileType = image.png; path = "direction_paizhen_10_sec@2x.png"; sourceTree = "<group>"; };
		041A0B161926588E007618C6 /* direction_paizhen_11@2x.png */ = {isa = PBXFileReference; lastKnownFileType = image.png; path = "direction_paizhen_11@2x.png"; sourceTree = "<group>"; };
		041A0B171926588E007618C6 /* direction_paizhen_11_sec@2x.png */ = {isa = PBXFileReference; lastKnownFileType = image.png; path = "direction_paizhen_11_sec@2x.png"; sourceTree = "<group>"; };
		041A0B181926588E007618C6 /* direction_paizhen_12@2x.png */ = {isa = PBXFileReference; lastKnownFileType = image.png; path = "direction_paizhen_12@2x.png"; sourceTree = "<group>"; };
		041A0B191926588E007618C6 /* direction_paizhen_12_sec@2x.png */ = {isa = PBXFileReference; lastKnownFileType = image.png; path = "direction_paizhen_12_sec@2x.png"; sourceTree = "<group>"; };
		041A0B1A1926588E007618C6 /* direction_paizhen_14@2x.png */ = {isa = PBXFileReference; lastKnownFileType = image.png; path = "direction_paizhen_14@2x.png"; sourceTree = "<group>"; };
		041A0B1B1926588E007618C6 /* direction_paizhen_14_sec@2x.png */ = {isa = PBXFileReference; lastKnownFileType = image.png; path = "direction_paizhen_14_sec@2x.png"; sourceTree = "<group>"; };
		041A0B1C1926588E007618C6 /* direction_paizhen_15@2x.png */ = {isa = PBXFileReference; lastKnownFileType = image.png; path = "direction_paizhen_15@2x.png"; sourceTree = "<group>"; };
		041A0B1D1926588E007618C6 /* direction_paizhen_15_sec@2x.png */ = {isa = PBXFileReference; lastKnownFileType = image.png; path = "direction_paizhen_15_sec@2x.png"; sourceTree = "<group>"; };
		041A0B1E1926588E007618C6 /* direction_paizhen_16@2x.png */ = {isa = PBXFileReference; lastKnownFileType = image.png; path = "direction_paizhen_16@2x.png"; sourceTree = "<group>"; };
		041A0B1F1926588E007618C6 /* direction_paizhen_16_sec@2x.png */ = {isa = PBXFileReference; lastKnownFileType = image.png; path = "direction_paizhen_16_sec@2x.png"; sourceTree = "<group>"; };
		041A0B201926588E007618C6 /* direction_paizhen_17@2x.png */ = {isa = PBXFileReference; lastKnownFileType = image.png; path = "direction_paizhen_17@2x.png"; sourceTree = "<group>"; };
		041A0B211926588E007618C6 /* direction_paizhen_17_sec@2x.png */ = {isa = PBXFileReference; lastKnownFileType = image.png; path = "direction_paizhen_17_sec@2x.png"; sourceTree = "<group>"; };
		041A0B221926588E007618C6 /* direction_paizhen_18@2x.png */ = {isa = PBXFileReference; lastKnownFileType = image.png; path = "direction_paizhen_18@2x.png"; sourceTree = "<group>"; };
		041A0B231926588E007618C6 /* direction_paizhen_18_sec@2x.png */ = {isa = PBXFileReference; lastKnownFileType = image.png; path = "direction_paizhen_18_sec@2x.png"; sourceTree = "<group>"; };
		041A0B241926588E007618C6 /* direction_paizhen_19@2x.png */ = {isa = PBXFileReference; lastKnownFileType = image.png; path = "direction_paizhen_19@2x.png"; sourceTree = "<group>"; };
		041A0B251926588E007618C6 /* direction_paizhen_19_sec@2x.png */ = {isa = PBXFileReference; lastKnownFileType = image.png; path = "direction_paizhen_19_sec@2x.png"; sourceTree = "<group>"; };
		041A0B261926588E007618C6 /* direction_paizhen_jiami@2x.png */ = {isa = PBXFileReference; lastKnownFileType = image.png; path = "direction_paizhen_jiami@2x.png"; sourceTree = "<group>"; };
		041A0B4C19265897007618C6 /* question_write_down@2x.png */ = {isa = PBXFileReference; lastKnownFileType = image.png; path = "question_write_down@2x.png"; sourceTree = "<group>"; };
		042635A9192718DC0057B4EF /* KENViewPaiZhen.h */ = {isa = PBXFileReference; fileEncoding = 4; lastKnownFileType = sourcecode.c.h; path = KENViewPaiZhen.h; sourceTree = "<group>"; };
		042635AA192718DC0057B4EF /* KENViewPaiZhen.m */ = {isa = PBXFileReference; fileEncoding = 4; lastKnownFileType = sourcecode.c.objc; path = KENViewPaiZhen.m; sourceTree = "<group>"; };
		04A07B9D1922478C00F33A1D /* an_jian.mp3 */ = {isa = PBXFileReference; lastKnownFileType = audio.mp3; path = an_jian.mp3; sourceTree = "<group>"; };
		04A07B9E1922478C00F33A1D /* chou_pai.mp3 */ = {isa = PBXFileReference; lastKnownFileType = audio.mp3; path = chou_pai.mp3; sourceTree = "<group>"; };
		04A07B9F1922478C00F33A1D /* fan_pai.mp3 */ = {isa = PBXFileReference; lastKnownFileType = audio.mp3; path = fan_pai.mp3; sourceTree = "<group>"; };
		04A07BA01922478C00F33A1D /* fan_pai_hou.mp3 */ = {isa = PBXFileReference; lastKnownFileType = audio.mp3; path = fan_pai_hou.mp3; sourceTree = "<group>"; };
		04A07BA11922478C00F33A1D /* xi_pai.mp3 */ = {isa = PBXFileReference; lastKnownFileType = audio.mp3; path = xi_pai.mp3; sourceTree = "<group>"; };
		04A07BA21922478C00F33A1D /* zhuan_pan_ting.mp3 */ = {isa = PBXFileReference; lastKnownFileType = audio.mp3; path = zhuan_pan_ting.mp3; sourceTree = "<group>"; };
		04A07BA31922478C00F33A1D /* zhuan_pan_zhuan_dong.mp3 */ = {isa = PBXFileReference; lastKnownFileType = audio.mp3; path = zhuan_pan_zhuan_dong.mp3; sourceTree = "<group>"; };
		04A07BAB1922479400F33A1D /* home_point@2x.png */ = {isa = PBXFileReference; lastKnownFileType = image.png; path = "home_point@2x.png"; sourceTree = "<group>"; };
		04A07BAC1922479400F33A1D /* home_setting@2x.png */ = {isa = PBXFileReference; lastKnownFileType = image.png; path = "home_setting@2x.png"; sourceTree = "<group>"; };
		04A07BAD1922479400F33A1D /* home_title@2x.png */ = {isa = PBXFileReference; lastKnownFileType = image.png; path = "home_title@2x.png"; sourceTree = "<group>"; };
		04A07BAE1922479400F33A1D /* home_zhuanpan@2x.png */ = {isa = PBXFileReference; lastKnownFileType = image.png; path = "home_zhuanpan@2x.png"; sourceTree = "<group>"; };
		04A07BB31922495C00F33A1D /* AudioToolbox.framework */ = {isa = PBXFileReference; lastKnownFileType = wrapper.framework; name = AudioToolbox.framework; path = System/Library/Frameworks/AudioToolbox.framework; sourceTree = SDKROOT; };
		04A07BB519224FAF00F33A1D /* KENViewSetting.h */ = {isa = PBXFileReference; fileEncoding = 4; lastKnownFileType = sourcecode.c.h; path = KENViewSetting.h; sourceTree = "<group>"; };
		04A07BB619224FAF00F33A1D /* KENViewSetting.m */ = {isa = PBXFileReference; fileEncoding = 4; lastKnownFileType = sourcecode.c.objc; path = KENViewSetting.m; sourceTree = "<group>"; };
		04A07BB81922521400F33A1D /* app_btn_back_sec@2x.png */ = {isa = PBXFileReference; lastKnownFileType = image.png; path = "app_btn_back_sec@2x.png"; sourceTree = "<group>"; };
		04A07BB91922521400F33A1D /* app_btn_back@2x.png */ = {isa = PBXFileReference; lastKnownFileType = image.png; path = "app_btn_back@2x.png"; sourceTree = "<group>"; };
		04A07BBC1922586500F33A1D /* setting_title@2x.png */ = {isa = PBXFileReference; lastKnownFileType = image.png; path = "setting_title@2x.png"; sourceTree = "<group>"; };
		04A07BBE192261C300F33A1D /* KENDataManager.h */ = {isa = PBXFileReference; fileEncoding = 4; lastKnownFileType = sourcecode.c.h; path = KENDataManager.h; sourceTree = "<group>"; };
		04A07BBF192261C300F33A1D /* KENDataManager.m */ = {isa = PBXFileReference; fileEncoding = 4; lastKnownFileType = sourcecode.c.objc; path = KENDataManager.m; sourceTree = "<group>"; };
		04B323111920ED1400C055FF /* KENDivination.app */ = {isa = PBXFileReference; explicitFileType = wrapper.application; includeInIndex = 0; path = KENDivination.app; sourceTree = BUILT_PRODUCTS_DIR; };
		04B323141920ED1400C055FF /* Foundation.framework */ = {isa = PBXFileReference; lastKnownFileType = wrapper.framework; name = Foundation.framework; path = System/Library/Frameworks/Foundation.framework; sourceTree = SDKROOT; };
		04B323161920ED1400C055FF /* CoreGraphics.framework */ = {isa = PBXFileReference; lastKnownFileType = wrapper.framework; name = CoreGraphics.framework; path = System/Library/Frameworks/CoreGraphics.framework; sourceTree = SDKROOT; };
		04B323181920ED1400C055FF /* UIKit.framework */ = {isa = PBXFileReference; lastKnownFileType = wrapper.framework; name = UIKit.framework; path = System/Library/Frameworks/UIKit.framework; sourceTree = SDKROOT; };
		04B3231A1920ED1400C055FF /* CoreData.framework */ = {isa = PBXFileReference; lastKnownFileType = wrapper.framework; name = CoreData.framework; path = System/Library/Frameworks/CoreData.framework; sourceTree = SDKROOT; };
		04B3231E1920ED1400C055FF /* KENDivination-Info.plist */ = {isa = PBXFileReference; lastKnownFileType = text.plist.xml; path = "KENDivination-Info.plist"; sourceTree = "<group>"; };
		04B323201920ED1400C055FF /* en */ = {isa = PBXFileReference; lastKnownFileType = text.plist.strings; name = en; path = en.lproj/InfoPlist.strings; sourceTree = "<group>"; };
		04B323221920ED1400C055FF /* main.m */ = {isa = PBXFileReference; lastKnownFileType = sourcecode.c.objc; path = main.m; sourceTree = "<group>"; };
		04B323241920ED1400C055FF /* KENDivination-Prefix.pch */ = {isa = PBXFileReference; lastKnownFileType = sourcecode.c.h; path = "KENDivination-Prefix.pch"; sourceTree = "<group>"; };
		04B3232B1920ED1400C055FF /* Images.xcassets */ = {isa = PBXFileReference; lastKnownFileType = folder.assetcatalog; path = Images.xcassets; sourceTree = "<group>"; };
		04B323311920ED1400C055FF /* KENDivinationTests.xctest */ = {isa = PBXFileReference; explicitFileType = wrapper.cfbundle; includeInIndex = 0; path = KENDivinationTests.xctest; sourceTree = BUILT_PRODUCTS_DIR; };
		04B323321920ED1400C055FF /* XCTest.framework */ = {isa = PBXFileReference; lastKnownFileType = wrapper.framework; name = XCTest.framework; path = Library/Frameworks/XCTest.framework; sourceTree = DEVELOPER_DIR; };
		04B3233B1920ED1400C055FF /* KENDivinationTests-Info.plist */ = {isa = PBXFileReference; lastKnownFileType = text.plist.xml; path = "KENDivinationTests-Info.plist"; sourceTree = "<group>"; };
		04B3233D1920ED1400C055FF /* en */ = {isa = PBXFileReference; lastKnownFileType = text.plist.strings; name = en; path = en.lproj/InfoPlist.strings; sourceTree = "<group>"; };
		04B3233F1920ED1400C055FF /* KENDivinationTests.m */ = {isa = PBXFileReference; lastKnownFileType = sourcecode.c.objc; path = KENDivinationTests.m; sourceTree = "<group>"; };
		04B3234B1920EE0700C055FF /* KENAppDelegate.h */ = {isa = PBXFileReference; fileEncoding = 4; lastKnownFileType = sourcecode.c.h; path = KENAppDelegate.h; sourceTree = "<group>"; };
		04B3234C1920EE0700C055FF /* KENAppDelegate.m */ = {isa = PBXFileReference; fileEncoding = 4; lastKnownFileType = sourcecode.c.objc; path = KENAppDelegate.m; sourceTree = "<group>"; };
		04B323531920EE0700C055FF /* KENDivination.xcdatamodel */ = {isa = PBXFileReference; lastKnownFileType = wrapper.xcdatamodel; path = KENDivination.xcdatamodel; sourceTree = "<group>"; };
		04B323561920EE6B00C055FF /* KENModel.h */ = {isa = PBXFileReference; fileEncoding = 4; lastKnownFileType = sourcecode.c.h; path = KENModel.h; sourceTree = "<group>"; };
		04B323571920EE6B00C055FF /* KENModel.m */ = {isa = PBXFileReference; fileEncoding = 4; lastKnownFileType = sourcecode.c.objc; path = KENModel.m; sourceTree = "<group>"; };
		04B323591920EF1400C055FF /* KENConfig.h */ = {isa = PBXFileReference; lastKnownFileType = sourcecode.c.h; path = KENConfig.h; sourceTree = "<group>"; };
		04B3235A1920EF3D00C055FF /* KENModelDef.h */ = {isa = PBXFileReference; lastKnownFileType = sourcecode.c.h; path = KENModelDef.h; sourceTree = "<group>"; };
		04B3235B1920EFD200C055FF /* KENViewController.h */ = {isa = PBXFileReference; fileEncoding = 4; lastKnownFileType = sourcecode.c.h; path = KENViewController.h; sourceTree = "<group>"; };
		04B3235C1920EFD200C055FF /* KENViewController.m */ = {isa = PBXFileReference; fileEncoding = 4; lastKnownFileType = sourcecode.c.objc; path = KENViewController.m; sourceTree = "<group>"; };
		04B3235E1920F51E00C055FF /* icon-120@2x.png */ = {isa = PBXFileReference; lastKnownFileType = image.png; name = "icon-120@2x.png"; path = "KENDivination/icon-120@2x.png"; sourceTree = SOURCE_ROOT; };
		04B3235F1920F51E00C055FF /* icon-ipad.png */ = {isa = PBXFileReference; lastKnownFileType = image.png; name = "icon-ipad.png"; path = "KENDivination/icon-ipad.png"; sourceTree = SOURCE_ROOT; };
		04B323601920F51E00C055FF /* icon-iphone.png */ = {isa = PBXFileReference; lastKnownFileType = image.png; name = "icon-iphone.png"; path = "KENDivination/icon-iphone.png"; sourceTree = SOURCE_ROOT; };
		04B323611920F51E00C055FF /* icon-iphone@2x.png */ = {isa = PBXFileReference; lastKnownFileType = image.png; name = "icon-iphone@2x.png"; path = "KENDivination/icon-iphone@2x.png"; sourceTree = SOURCE_ROOT; };
		04B323661920F5EB00C055FF /* icon-ipad@2x.png */ = {isa = PBXFileReference; lastKnownFileType = image.png; name = "icon-ipad@2x.png"; path = "KENDivination/icon-ipad@2x.png"; sourceTree = SOURCE_ROOT; };
		04B323681920F67400C055FF /* 76x76.png */ = {isa = PBXFileReference; lastKnownFileType = image.png; name = 76x76.png; path = KENDivination/76x76.png; sourceTree = SOURCE_ROOT; };
		04B323691920F67400C055FF /* 152x152.png */ = {isa = PBXFileReference; lastKnownFileType = image.png; name = 152x152.png; path = KENDivination/152x152.png; sourceTree = SOURCE_ROOT; };
		04B3236C1920FA7E00C055FF /* KENViewBase.h */ = {isa = PBXFileReference; fileEncoding = 4; lastKnownFileType = sourcecode.c.h; path = KENViewBase.h; sourceTree = "<group>"; };
		04B3236D1920FA7E00C055FF /* KENViewBase.m */ = {isa = PBXFileReference; fileEncoding = 4; lastKnownFileType = sourcecode.c.objc; path = KENViewBase.m; sourceTree = "<group>"; };
		04B3236F1920FA8700C055FF /* KENUtils.h */ = {isa = PBXFileReference; fileEncoding = 4; lastKnownFileType = sourcecode.c.h; path = KENUtils.h; sourceTree = "<group>"; };
		04B323701920FA8700C055FF /* KENUtils.m */ = {isa = PBXFileReference; fileEncoding = 4; lastKnownFileType = sourcecode.c.objc; path = KENUtils.m; sourceTree = "<group>"; };
		04B323721920FB0500C055FF /* KENViewFactory.h */ = {isa = PBXFileReference; fileEncoding = 4; lastKnownFileType = sourcecode.c.h; path = KENViewFactory.h; sourceTree = "<group>"; };
		04B323731920FB0500C055FF /* KENViewFactory.m */ = {isa = PBXFileReference; fileEncoding = 4; lastKnownFileType = sourcecode.c.objc; path = KENViewFactory.m; sourceTree = "<group>"; };
		04B3237519210FEB00C055FF /* KENViewHome.h */ = {isa = PBXFileReference; fileEncoding = 4; lastKnownFileType = sourcecode.c.h; path = KENViewHome.h; sourceTree = "<group>"; };
		04B3237619210FEB00C055FF /* KENViewHome.m */ = {isa = PBXFileReference; fileEncoding = 4; lastKnownFileType = sourcecode.c.objc; path = KENViewHome.m; sourceTree = "<group>"; };
		04E577F2192112F200688137 /* app_background_image@2x.png */ = {isa = PBXFileReference; lastKnownFileType = image.png; path = "app_background_image@2x.png"; sourceTree = "<group>"; };
		04E577F4192115BE00688137 /* home_background_image@2x.png */ = {isa = PBXFileReference; lastKnownFileType = image.png; path = "home_background_image@2x.png"; sourceTree = "<group>"; };
/* End PBXFileReference section */

/* Begin PBXFrameworksBuildPhase section */
		04B3230E1920ED1400C055FF /* Frameworks */ = {
			isa = PBXFrameworksBuildPhase;
			buildActionMask = 2147483647;
			files = (
				04A07BB41922495C00F33A1D /* AudioToolbox.framework in Frameworks */,
				04B323171920ED1400C055FF /* CoreGraphics.framework in Frameworks */,
				04B3231B1920ED1400C055FF /* CoreData.framework in Frameworks */,
				04B323191920ED1400C055FF /* UIKit.framework in Frameworks */,
				04B323151920ED1400C055FF /* Foundation.framework in Frameworks */,
			);
			runOnlyForDeploymentPostprocessing = 0;
		};
		04B3232E1920ED1400C055FF /* Frameworks */ = {
			isa = PBXFrameworksBuildPhase;
			buildActionMask = 2147483647;
			files = (
				04B323331920ED1400C055FF /* XCTest.framework in Frameworks */,
				04B323361920ED1400C055FF /* CoreData.framework in Frameworks */,
				04B323351920ED1400C055FF /* UIKit.framework in Frameworks */,
				04B323341920ED1400C055FF /* Foundation.framework in Frameworks */,
			);
			runOnlyForDeploymentPostprocessing = 0;
		};
/* End PBXFrameworksBuildPhase section */

/* Begin PBXGroup section */
		041A0B011926588E007618C6 /* paizhen */ = {
			isa = PBXGroup;
			children = (
				041A0B021926588E007618C6 /* direction_paizhen_01@2x.png */,
				041A0B031926588E007618C6 /* direction_paizhen_01_sec@2x.png */,
				041A0B041926588E007618C6 /* direction_paizhen_02@2x.png */,
				041A0B051926588E007618C6 /* direction_paizhen_02_sec@2x.png */,
				041A0B061926588E007618C6 /* direction_paizhen_03@2x.png */,
				041A0B071926588E007618C6 /* direction_paizhen_03_sec@2x.png */,
				041A0B081926588E007618C6 /* direction_paizhen_04@2x.png */,
				041A0B091926588E007618C6 /* direction_paizhen_04_sec@2x.png */,
				041A0B0A1926588E007618C6 /* direction_paizhen_05@2x.png */,
				041A0B0B1926588E007618C6 /* direction_paizhen_05_sec@2x.png */,
				041A0B0C1926588E007618C6 /* direction_paizhen_06@2x.png */,
				041A0B0D1926588E007618C6 /* direction_paizhen_06_sec@2x.png */,
				041A0B0E1926588E007618C6 /* direction_paizhen_07@2x.png */,
				041A0B0F1926588E007618C6 /* direction_paizhen_07_sec@2x.png */,
				041A0B101926588E007618C6 /* direction_paizhen_08@2x.png */,
				041A0B111926588E007618C6 /* direction_paizhen_08_sec@2x.png */,
				041A0B121926588E007618C6 /* direction_paizhen_09@2x.png */,
				041A0B131926588E007618C6 /* direction_paizhen_09_sec@2x.png */,
				041A0B141926588E007618C6 /* direction_paizhen_10@2x.png */,
				041A0B151926588E007618C6 /* direction_paizhen_10_sec@2x.png */,
				041A0B161926588E007618C6 /* direction_paizhen_11@2x.png */,
				041A0B171926588E007618C6 /* direction_paizhen_11_sec@2x.png */,
				041A0B181926588E007618C6 /* direction_paizhen_12@2x.png */,
				041A0B191926588E007618C6 /* direction_paizhen_12_sec@2x.png */,
				041A0B1A1926588E007618C6 /* direction_paizhen_14@2x.png */,
				041A0B1B1926588E007618C6 /* direction_paizhen_14_sec@2x.png */,
				041A0B1C1926588E007618C6 /* direction_paizhen_15@2x.png */,
				041A0B1D1926588E007618C6 /* direction_paizhen_15_sec@2x.png */,
				041A0B1E1926588E007618C6 /* direction_paizhen_16@2x.png */,
				041A0B1F1926588E007618C6 /* direction_paizhen_16_sec@2x.png */,
				041A0B201926588E007618C6 /* direction_paizhen_17@2x.png */,
				041A0B211926588E007618C6 /* direction_paizhen_17_sec@2x.png */,
				041A0B221926588E007618C6 /* direction_paizhen_18@2x.png */,
				041A0B231926588E007618C6 /* direction_paizhen_18_sec@2x.png */,
				041A0B241926588E007618C6 /* direction_paizhen_19@2x.png */,
				041A0B251926588E007618C6 /* direction_paizhen_19_sec@2x.png */,
				041A0B261926588E007618C6 /* direction_paizhen_jiami@2x.png */,
			);
			path = paizhen;
			sourceTree = "<group>";
		};
		04A07B9C1922478C00F33A1D /* videos */ = {
			isa = PBXGroup;
			children = (
				04A07B9D1922478C00F33A1D /* an_jian.mp3 */,
				04A07B9E1922478C00F33A1D /* chou_pai.mp3 */,
				04A07B9F1922478C00F33A1D /* fan_pai.mp3 */,
				04A07BA01922478C00F33A1D /* fan_pai_hou.mp3 */,
				04A07BA11922478C00F33A1D /* xi_pai.mp3 */,
				04A07BA21922478C00F33A1D /* zhuan_pan_ting.mp3 */,
				04A07BA31922478C00F33A1D /* zhuan_pan_zhuan_dong.mp3 */,
			);
			path = videos;
			sourceTree = "<group>";
		};
		04B323081920ED1400C055FF = {
			isa = PBXGroup;
			children = (
				04B3231C1920ED1400C055FF /* KENDivination */,
				04B323391920ED1400C055FF /* KENDivinationTests */,
				04B323131920ED1400C055FF /* Frameworks */,
				04B323121920ED1400C055FF /* Products */,
			);
			sourceTree = "<group>";
		};
		04B323121920ED1400C055FF /* Products */ = {
			isa = PBXGroup;
			children = (
				04B323111920ED1400C055FF /* KENDivination.app */,
				04B323311920ED1400C055FF /* KENDivinationTests.xctest */,
			);
			name = Products;
			sourceTree = "<group>";
		};
		04B323131920ED1400C055FF /* Frameworks */ = {
			isa = PBXGroup;
			children = (
				04A07BB31922495C00F33A1D /* AudioToolbox.framework */,
				04B323141920ED1400C055FF /* Foundation.framework */,
				04B323161920ED1400C055FF /* CoreGraphics.framework */,
				04B323181920ED1400C055FF /* UIKit.framework */,
				04B3231A1920ED1400C055FF /* CoreData.framework */,
				04B323321920ED1400C055FF /* XCTest.framework */,
			);
			name = Frameworks;
			sourceTree = "<group>";
		};
		04B3231C1920ED1400C055FF /* KENDivination */ = {
			isa = PBXGroup;
			children = (
				04B323491920EE0700C055FF /* Class */,
				04B323501920EE0700C055FF /* Resources */,
				04B3232B1920ED1400C055FF /* Images.xcassets */,
				04B3231D1920ED1400C055FF /* Supporting Files */,
			);
			path = KENDivination;
			sourceTree = "<group>";
		};
		04B3231D1920ED1400C055FF /* Supporting Files */ = {
			isa = PBXGroup;
			children = (
				04B3231E1920ED1400C055FF /* KENDivination-Info.plist */,
				04B3231F1920ED1400C055FF /* InfoPlist.strings */,
				04B323221920ED1400C055FF /* main.m */,
				04B323241920ED1400C055FF /* KENDivination-Prefix.pch */,
			);
			name = "Supporting Files";
			sourceTree = "<group>";
		};
		04B323391920ED1400C055FF /* KENDivinationTests */ = {
			isa = PBXGroup;
			children = (
				04B3233F1920ED1400C055FF /* KENDivinationTests.m */,
				04B3233A1920ED1400C055FF /* Supporting Files */,
			);
			path = KENDivinationTests;
			sourceTree = "<group>";
		};
		04B3233A1920ED1400C055FF /* Supporting Files */ = {
			isa = PBXGroup;
			children = (
				04B3233B1920ED1400C055FF /* KENDivinationTests-Info.plist */,
				04B3233C1920ED1400C055FF /* InfoPlist.strings */,
			);
			name = "Supporting Files";
			sourceTree = "<group>";
		};
		04B323491920EE0700C055FF /* Class */ = {
			isa = PBXGroup;
			children = (
				04B3234A1920EE0700C055FF /* Control */,
				04B3234B1920EE0700C055FF /* KENAppDelegate.h */,
				04B3234C1920EE0700C055FF /* KENAppDelegate.m */,
				04B3234D1920EE0700C055FF /* Model */,
				04B3234E1920EE0700C055FF /* Tools */,
				04B3234F1920EE0700C055FF /* View */,
				04B323591920EF1400C055FF /* KENConfig.h */,
			);
			path = Class;
			sourceTree = "<group>";
		};
		04B3234A1920EE0700C055FF /* Control */ = {
			isa = PBXGroup;
			children = (
				04B3235B1920EFD200C055FF /* KENViewController.h */,
				04B3235C1920EFD200C055FF /* KENViewController.m */,
				04B323721920FB0500C055FF /* KENViewFactory.h */,
				04B323731920FB0500C055FF /* KENViewFactory.m */,
			);
			path = Control;
			sourceTree = "<group>";
		};
		04B3234D1920EE0700C055FF /* Model */ = {
			isa = PBXGroup;
			children = (
				04B323561920EE6B00C055FF /* KENModel.h */,
				04B323571920EE6B00C055FF /* KENModel.m */,
				04B3235A1920EF3D00C055FF /* KENModelDef.h */,
			);
			path = Model;
			sourceTree = "<group>";
		};
		04B3234E1920EE0700C055FF /* Tools */ = {
			isa = PBXGroup;
			children = (
				04B3236F1920FA8700C055FF /* KENUtils.h */,
				04B323701920FA8700C055FF /* KENUtils.m */,
				04A07BBE192261C300F33A1D /* KENDataManager.h */,
				04A07BBF192261C300F33A1D /* KENDataManager.m */,
			);
			path = Tools;
			sourceTree = "<group>";
		};
		04B3234F1920EE0700C055FF /* View */ = {
			isa = PBXGroup;
			children = (
				04B3236C1920FA7E00C055FF /* KENViewBase.h */,
				04B3236D1920FA7E00C055FF /* KENViewBase.m */,
				04B3237519210FEB00C055FF /* KENViewHome.h */,
				04B3237619210FEB00C055FF /* KENViewHome.m */,
				04A07BB519224FAF00F33A1D /* KENViewSetting.h */,
				04A07BB619224FAF00F33A1D /* KENViewSetting.m */,
				040C210F1923B2A500B2E38E /* KENViewMemory.h */,
				040C21101923B2A500B2E38E /* KENViewMemory.m */,
				040C21121923B2C800B2E38E /* KENViewDirection.h */,
				040C21131923B2C800B2E38E /* KENViewDirection.m */,
				040AF73D1924E77A00F5FDCB /* KENViewAboutUs.h */,
				040AF73E1924E77A00F5FDCB /* KENViewAboutUs.m */,
				040AF7401924F3C200F5FDCB /* KENViewAlert.h */,
				040AF7411924F3C200F5FDCB /* KENViewAlert.m */,
				041A0AFA1926531C007618C6 /* KENViewQuestion.h */,
				041A0AFB1926531C007618C6 /* KENViewQuestion.m */,
				042635A9192718DC0057B4EF /* KENViewPaiZhen.h */,
				042635AA192718DC0057B4EF /* KENViewPaiZhen.m */,
			);
			path = View;
			sourceTree = "<group>";
		};
		04B323501920EE0700C055FF /* Resources */ = {
			isa = PBXGroup;
			children = (
				041A0AF8192634E4007618C6 /* direction.plist */,
				04B323691920F67400C055FF /* 152x152.png */,
				04B323681920F67400C055FF /* 76x76.png */,
				04B3235E1920F51E00C055FF /* icon-120@2x.png */,
				04B3235F1920F51E00C055FF /* icon-ipad.png */,
				04B323661920F5EB00C055FF /* icon-ipad@2x.png */,
				04B323601920F51E00C055FF /* icon-iphone.png */,
				04B323611920F51E00C055FF /* icon-iphone@2x.png */,
				04B323511920EE0700C055FF /* Images */,
				04B323521920EE0700C055FF /* KENDivination.xcdatamodeld */,
				04A07B9C1922478C00F33A1D /* videos */,
			);
			path = Resources;
			sourceTree = "<group>";
		};
		04B323511920EE0700C055FF /* Images */ = {
			isa = PBXGroup;
			children = (
				041A0B4C19265897007618C6 /* question_write_down@2x.png */,
				041A0B011926588E007618C6 /* paizhen */,
				041A0AFD1926580B007618C6 /* app_btn_ok_sec@2x.png */,
				041A0AFE1926580B007618C6 /* app_btn_ok@2x.png */,
				040AF7471925101700F5FDCB /* button_cancel_sec@2x.png */,
				040AF7481925101700F5FDCB /* button_cancel@2x.png */,
				040AF7491925101700F5FDCB /* button_confirm_sec@2x.png */,
				040AF74A1925101700F5FDCB /* button_confirm@2x.png */,
				040AF7431925095200F5FDCB /* button_close_sec@2x.png */,
				040AF7441925095200F5FDCB /* button_close@2x.png */,
				040AF72D1924E58900F5FDCB /* about_us_alert@2x.png */,
				040AF72E1924E58900F5FDCB /* about_us_bg@2x.png */,
				040AF72F1924E58900F5FDCB /* about_us_qiqi@2x.png */,
				040AF7301924E58900F5FDCB /* setting_about_us_sec@2x.png */,
				040AF7311924E58900F5FDCB /* setting_about_us@2x.png */,
				040AF7321924E58900F5FDCB /* setting_ping_jia_sec@2x.png */,
				040AF7331924E58900F5FDCB /* setting_ping_jia@2x.png */,
				040AF7341924E58900F5FDCB /* setting_voice@2x.png */,
				040C21211923BDDB00B2E38E /* memory_btn_edit_sec@2x.png */,
				040C21221923BDDB00B2E38E /* memory_btn_edit@2x.png */,
				040C21231923BDDB00B2E38E /* memory_btn_ok_sec@2x.png */,
				040C21241923BDDB00B2E38E /* memory_btn_ok@2x.png */,
				040C21151923B8ED00B2E38E /* direction_health_title@2x.png */,
				040C21161923B8ED00B2E38E /* direction_love_title@2x.png */,
				040C21171923B8ED00B2E38E /* direction_money_title@2x.png */,
				040C21181923B8ED00B2E38E /* direction_relation_title@2x.png */,
				040C21191923B8ED00B2E38E /* direction_work_title@2x.png */,
				040C211A1923B8ED00B2E38E /* memory_title@2x.png */,
				04A07BBC1922586500F33A1D /* setting_title@2x.png */,
				04A07BB81922521400F33A1D /* app_btn_back_sec@2x.png */,
				04A07BB91922521400F33A1D /* app_btn_back@2x.png */,
				04A07BAB1922479400F33A1D /* home_point@2x.png */,
				04A07BAC1922479400F33A1D /* home_setting@2x.png */,
				04A07BAD1922479400F33A1D /* home_title@2x.png */,
				04A07BAE1922479400F33A1D /* home_zhuanpan@2x.png */,
				04E577F4192115BE00688137 /* home_background_image@2x.png */,
				04E577F2192112F200688137 /* app_background_image@2x.png */,
			);
			path = Images;
			sourceTree = "<group>";
		};
/* End PBXGroup section */

/* Begin PBXNativeTarget section */
		04B323101920ED1400C055FF /* KENDivination */ = {
			isa = PBXNativeTarget;
			buildConfigurationList = 04B323431920ED1400C055FF /* Build configuration list for PBXNativeTarget "KENDivination" */;
			buildPhases = (
				04B3230D1920ED1400C055FF /* Sources */,
				04B3230E1920ED1400C055FF /* Frameworks */,
				04B3230F1920ED1400C055FF /* Resources */,
			);
			buildRules = (
			);
			dependencies = (
			);
			name = KENDivination;
			productName = KENDivination;
			productReference = 04B323111920ED1400C055FF /* KENDivination.app */;
			productType = "com.apple.product-type.application";
		};
		04B323301920ED1400C055FF /* KENDivinationTests */ = {
			isa = PBXNativeTarget;
			buildConfigurationList = 04B323461920ED1400C055FF /* Build configuration list for PBXNativeTarget "KENDivinationTests" */;
			buildPhases = (
				04B3232D1920ED1400C055FF /* Sources */,
				04B3232E1920ED1400C055FF /* Frameworks */,
				04B3232F1920ED1400C055FF /* Resources */,
			);
			buildRules = (
			);
			dependencies = (
				04B323381920ED1400C055FF /* PBXTargetDependency */,
			);
			name = KENDivinationTests;
			productName = KENDivinationTests;
			productReference = 04B323311920ED1400C055FF /* KENDivinationTests.xctest */;
			productType = "com.apple.product-type.bundle.unit-test";
		};
/* End PBXNativeTarget section */

/* Begin PBXProject section */
		04B323091920ED1400C055FF /* Project object */ = {
			isa = PBXProject;
			attributes = {
				CLASSPREFIX = KEN;
				LastUpgradeCheck = 0510;
				ORGANIZATIONNAME = ken;
				TargetAttributes = {
					04B323101920ED1400C055FF = {
						DevelopmentTeam = 5BDYTYLTH3;
					};
					04B323301920ED1400C055FF = {
						TestTargetID = 04B323101920ED1400C055FF;
					};
				};
			};
			buildConfigurationList = 04B3230C1920ED1400C055FF /* Build configuration list for PBXProject "KENDivination" */;
			compatibilityVersion = "Xcode 3.2";
			developmentRegion = English;
			hasScannedForEncodings = 0;
			knownRegions = (
				en,
			);
			mainGroup = 04B323081920ED1400C055FF;
			productRefGroup = 04B323121920ED1400C055FF /* Products */;
			projectDirPath = "";
			projectRoot = "";
			targets = (
				04B323101920ED1400C055FF /* KENDivination */,
				04B323301920ED1400C055FF /* KENDivinationTests */,
			);
		};
/* End PBXProject section */

/* Begin PBXResourcesBuildPhase section */
		04B3230F1920ED1400C055FF /* Resources */ = {
			isa = PBXResourcesBuildPhase;
			buildActionMask = 2147483647;
			files = (
				04A07BB21922479400F33A1D /* home_zhuanpan@2x.png in Resources */,
				04A07BAA1922478C00F33A1D /* zhuan_pan_zhuan_dong.mp3 in Resources */,
				041A0B2D1926588E007618C6 /* direction_paizhen_04@2x.png in Resources */,
				040AF7371924E58900F5FDCB /* about_us_qiqi@2x.png in Resources */,
				041A0B391926588E007618C6 /* direction_paizhen_10@2x.png in Resources */,
				041A0B361926588E007618C6 /* direction_paizhen_08_sec@2x.png in Resources */,
				04A07BA71922478C00F33A1D /* fan_pai_hou.mp3 in Resources */,
				04B323651920F51E00C055FF /* icon-iphone@2x.png in Resources */,
				04A07BBB1922521400F33A1D /* app_btn_back@2x.png in Resources */,
				04A07BA81922478C00F33A1D /* xi_pai.mp3 in Resources */,
				04E577F5192115BE00688137 /* home_background_image@2x.png in Resources */,
				041A0B271926588E007618C6 /* direction_paizhen_01@2x.png in Resources */,
				041A0B351926588E007618C6 /* direction_paizhen_08@2x.png in Resources */,
				04B323631920F51E00C055FF /* icon-ipad.png in Resources */,
				040AF74D1925101700F5FDCB /* button_confirm_sec@2x.png in Resources */,
				041A0B2E1926588E007618C6 /* direction_paizhen_04_sec@2x.png in Resources */,
				041A0B451926588E007618C6 /* direction_paizhen_17@2x.png in Resources */,
				04A07BB11922479400F33A1D /* home_title@2x.png in Resources */,
				040C21281923BDDB00B2E38E /* memory_btn_ok@2x.png in Resources */,
				040AF7361924E58900F5FDCB /* about_us_bg@2x.png in Resources */,
				04E577F3192112F200688137 /* app_background_image@2x.png in Resources */,
				041A0B341926588E007618C6 /* direction_paizhen_07_sec@2x.png in Resources */,
				041A0B3A1926588E007618C6 /* direction_paizhen_10_sec@2x.png in Resources */,
				040C211D1923B8ED00B2E38E /* direction_money_title@2x.png in Resources */,
				04A07BBD1922586500F33A1D /* setting_title@2x.png in Resources */,
				040C211F1923B8ED00B2E38E /* direction_work_title@2x.png in Resources */,
				040AF74B1925101700F5FDCB /* button_cancel_sec@2x.png in Resources */,
				041A0B3C1926588E007618C6 /* direction_paizhen_11_sec@2x.png in Resources */,
				04B323621920F51E00C055FF /* icon-120@2x.png in Resources */,
				040AF74C1925101700F5FDCB /* button_cancel@2x.png in Resources */,
				041A0B4B1926588E007618C6 /* direction_paizhen_jiami@2x.png in Resources */,
				041A0B371926588E007618C6 /* direction_paizhen_09@2x.png in Resources */,
				041A0B481926588E007618C6 /* direction_paizhen_18_sec@2x.png in Resources */,
				041A0B301926588E007618C6 /* direction_paizhen_05_sec@2x.png in Resources */,
				040C21261923BDDB00B2E38E /* memory_btn_edit@2x.png in Resources */,
				04A07BA61922478C00F33A1D /* fan_pai.mp3 in Resources */,
				041A0B2B1926588E007618C6 /* direction_paizhen_03@2x.png in Resources */,
				041A0AF9192634E4007618C6 /* direction.plist in Resources */,
				041A0B3E1926588E007618C6 /* direction_paizhen_12_sec@2x.png in Resources */,
				040C211E1923B8ED00B2E38E /* direction_relation_title@2x.png in Resources */,
				041A0B3F1926588E007618C6 /* direction_paizhen_14@2x.png in Resources */,
				041A0B331926588E007618C6 /* direction_paizhen_07@2x.png in Resources */,
				041A0B281926588E007618C6 /* direction_paizhen_01_sec@2x.png in Resources */,
				04A07BA41922478C00F33A1D /* an_jian.mp3 in Resources */,
				040C21201923B8ED00B2E38E /* memory_title@2x.png in Resources */,
				041A0B421926588E007618C6 /* direction_paizhen_15_sec@2x.png in Resources */,
				040C21251923BDDB00B2E38E /* memory_btn_edit_sec@2x.png in Resources */,
				041A0B291926588E007618C6 /* direction_paizhen_02@2x.png in Resources */,
				04B3236B1920F67400C055FF /* 152x152.png in Resources */,
				04A07BA91922478C00F33A1D /* zhuan_pan_ting.mp3 in Resources */,
				041A0B411926588E007618C6 /* direction_paizhen_15@2x.png in Resources */,
				041A0AFF1926580B007618C6 /* app_btn_ok_sec@2x.png in Resources */,
				04B323211920ED1400C055FF /* InfoPlist.strings in Resources */,
				040C211B1923B8ED00B2E38E /* direction_health_title@2x.png in Resources */,
				041A0B441926588E007618C6 /* direction_paizhen_16_sec@2x.png in Resources */,
				040AF7391924E58900F5FDCB /* setting_about_us@2x.png in Resources */,
				041A0B3D1926588E007618C6 /* direction_paizhen_12@2x.png in Resources */,
				040AF73A1924E58900F5FDCB /* setting_ping_jia_sec@2x.png in Resources */,
				040C21271923BDDB00B2E38E /* memory_btn_ok_sec@2x.png in Resources */,
				041A0B321926588E007618C6 /* direction_paizhen_06_sec@2x.png in Resources */,
				040C211C1923B8ED00B2E38E /* direction_love_title@2x.png in Resources */,
				04B323641920F51E00C055FF /* icon-iphone.png in Resources */,
				04A07BA51922478C00F33A1D /* chou_pai.mp3 in Resources */,
				041A0B4A1926588E007618C6 /* direction_paizhen_19_sec@2x.png in Resources */,
				04B3232C1920ED1400C055FF /* Images.xcassets in Resources */,
				040AF7381924E58900F5FDCB /* setting_about_us_sec@2x.png in Resources */,
				04B3236A1920F67400C055FF /* 76x76.png in Resources */,
				040AF73B1924E58900F5FDCB /* setting_ping_jia@2x.png in Resources */,
				041A0B491926588E007618C6 /* direction_paizhen_19@2x.png in Resources */,
				041A0B401926588E007618C6 /* direction_paizhen_14_sec@2x.png in Resources */,
				041A0B471926588E007618C6 /* direction_paizhen_18@2x.png in Resources */,
				041A0B381926588E007618C6 /* direction_paizhen_09_sec@2x.png in Resources */,
				04A07BBA1922521400F33A1D /* app_btn_back_sec@2x.png in Resources */,
				040AF7461925095200F5FDCB /* button_close@2x.png in Resources */,
				04B323671920F5EB00C055FF /* icon-ipad@2x.png in Resources */,
				041A0B2C1926588E007618C6 /* direction_paizhen_03_sec@2x.png in Resources */,
				041A0B431926588E007618C6 /* direction_paizhen_16@2x.png in Resources */,
				041A0B461926588E007618C6 /* direction_paizhen_17_sec@2x.png in Resources */,
				041A0B4D19265897007618C6 /* question_write_down@2x.png in Resources */,
				04A07BB01922479400F33A1D /* home_setting@2x.png in Resources */,
				040AF74E1925101700F5FDCB /* button_confirm@2x.png in Resources */,
				041A0B001926580B007618C6 /* app_btn_ok@2x.png in Resources */,
				041A0B2F1926588E007618C6 /* direction_paizhen_05@2x.png in Resources */,
				04A07BAF1922479400F33A1D /* home_point@2x.png in Resources */,
				040AF7351924E58900F5FDCB /* about_us_alert@2x.png in Resources */,
				041A0B311926588E007618C6 /* direction_paizhen_06@2x.png in Resources */,
				040AF73C1924E58900F5FDCB /* setting_voice@2x.png in Resources */,
				041A0B3B1926588E007618C6 /* direction_paizhen_11@2x.png in Resources */,
				041A0B2A1926588E007618C6 /* direction_paizhen_02_sec@2x.png in Resources */,
				040AF7451925095200F5FDCB /* button_close_sec@2x.png in Resources */,
			);
			runOnlyForDeploymentPostprocessing = 0;
		};
		04B3232F1920ED1400C055FF /* Resources */ = {
			isa = PBXResourcesBuildPhase;
			buildActionMask = 2147483647;
			files = (
				04B3233E1920ED1400C055FF /* InfoPlist.strings in Resources */,
			);
			runOnlyForDeploymentPostprocessing = 0;
		};
/* End PBXResourcesBuildPhase section */

/* Begin PBXSourcesBuildPhase section */
		04B3230D1920ED1400C055FF /* Sources */ = {
			isa = PBXSourcesBuildPhase;
			buildActionMask = 2147483647;
			files = (
				04A07BB719224FAF00F33A1D /* KENViewSetting.m in Sources */,
				040AF73F1924E77A00F5FDCB /* KENViewAboutUs.m in Sources */,
				042635AB192718DC0057B4EF /* KENViewPaiZhen.m in Sources */,
				04B323711920FA8700C055FF /* KENUtils.m in Sources */,
				04B323581920EE6B00C055FF /* KENModel.m in Sources */,
				04B323551920EE0700C055FF /* KENDivination.xcdatamodeld in Sources */,
				04A07BC0192261C300F33A1D /* KENDataManager.m in Sources */,
				04B3236E1920FA7E00C055FF /* KENViewBase.m in Sources */,
				04B323741920FB0500C055FF /* KENViewFactory.m in Sources */,
				04B3237719210FEB00C055FF /* KENViewHome.m in Sources */,
				040C21111923B2A500B2E38E /* KENViewMemory.m in Sources */,
				040AF7421924F3C200F5FDCB /* KENViewAlert.m in Sources */,
				04B323541920EE0700C055FF /* KENAppDelegate.m in Sources */,
				04B3235D1920EFD200C055FF /* KENViewController.m in Sources */,
				041A0AFC1926531C007618C6 /* KENViewQuestion.m in Sources */,
				040C21141923B2C800B2E38E /* KENViewDirection.m in Sources */,
				04B323231920ED1400C055FF /* main.m in Sources */,
			);
			runOnlyForDeploymentPostprocessing = 0;
		};
		04B3232D1920ED1400C055FF /* Sources */ = {
			isa = PBXSourcesBuildPhase;
			buildActionMask = 2147483647;
			files = (
				04B323401920ED1400C055FF /* KENDivinationTests.m in Sources */,
			);
			runOnlyForDeploymentPostprocessing = 0;
		};
/* End PBXSourcesBuildPhase section */

/* Begin PBXTargetDependency section */
		04B323381920ED1400C055FF /* PBXTargetDependency */ = {
			isa = PBXTargetDependency;
			target = 04B323101920ED1400C055FF /* KENDivination */;
			targetProxy = 04B323371920ED1400C055FF /* PBXContainerItemProxy */;
		};
/* End PBXTargetDependency section */

/* Begin PBXVariantGroup section */
		04B3231F1920ED1400C055FF /* InfoPlist.strings */ = {
			isa = PBXVariantGroup;
			children = (
				04B323201920ED1400C055FF /* en */,
			);
			name = InfoPlist.strings;
			sourceTree = "<group>";
		};
		04B3233C1920ED1400C055FF /* InfoPlist.strings */ = {
			isa = PBXVariantGroup;
			children = (
				04B3233D1920ED1400C055FF /* en */,
			);
			name = InfoPlist.strings;
			sourceTree = "<group>";
		};
/* End PBXVariantGroup section */

/* Begin XCBuildConfiguration section */
		04B323411920ED1400C055FF /* Debug */ = {
			isa = XCBuildConfiguration;
			buildSettings = {
				ALWAYS_SEARCH_USER_PATHS = NO;
				CLANG_CXX_LANGUAGE_STANDARD = "gnu++0x";
				CLANG_CXX_LIBRARY = "libc++";
				CLANG_ENABLE_MODULES = YES;
				CLANG_ENABLE_OBJC_ARC = YES;
				CLANG_WARN_BOOL_CONVERSION = YES;
				CLANG_WARN_CONSTANT_CONVERSION = YES;
				CLANG_WARN_DIRECT_OBJC_ISA_USAGE = YES_ERROR;
				CLANG_WARN_EMPTY_BODY = YES;
				CLANG_WARN_ENUM_CONVERSION = YES;
				CLANG_WARN_INT_CONVERSION = YES;
				CLANG_WARN_OBJC_ROOT_CLASS = YES_ERROR;
				CLANG_WARN__DUPLICATE_METHOD_MATCH = YES;
				"CODE_SIGN_IDENTITY[sdk=iphoneos*]" = "iPhone Developer";
				COPY_PHASE_STRIP = NO;
				GCC_C_LANGUAGE_STANDARD = gnu99;
				GCC_DYNAMIC_NO_PIC = NO;
				GCC_OPTIMIZATION_LEVEL = 0;
				GCC_PREPROCESSOR_DEFINITIONS = (
					"DEBUG=1",
					"$(inherited)",
				);
				GCC_SYMBOLS_PRIVATE_EXTERN = NO;
				GCC_WARN_64_TO_32_BIT_CONVERSION = YES;
				GCC_WARN_ABOUT_RETURN_TYPE = YES_ERROR;
				GCC_WARN_UNDECLARED_SELECTOR = YES;
				GCC_WARN_UNINITIALIZED_AUTOS = YES_AGGRESSIVE;
				GCC_WARN_UNUSED_FUNCTION = YES;
				GCC_WARN_UNUSED_VARIABLE = YES;
				IPHONEOS_DEPLOYMENT_TARGET = 7.1;
				ONLY_ACTIVE_ARCH = YES;
				SDKROOT = iphoneos;
				TARGETED_DEVICE_FAMILY = "1,2";
			};
			name = Debug;
		};
		04B323421920ED1400C055FF /* Release */ = {
			isa = XCBuildConfiguration;
			buildSettings = {
				ALWAYS_SEARCH_USER_PATHS = NO;
				CLANG_CXX_LANGUAGE_STANDARD = "gnu++0x";
				CLANG_CXX_LIBRARY = "libc++";
				CLANG_ENABLE_MODULES = YES;
				CLANG_ENABLE_OBJC_ARC = YES;
				CLANG_WARN_BOOL_CONVERSION = YES;
				CLANG_WARN_CONSTANT_CONVERSION = YES;
				CLANG_WARN_DIRECT_OBJC_ISA_USAGE = YES_ERROR;
				CLANG_WARN_EMPTY_BODY = YES;
				CLANG_WARN_ENUM_CONVERSION = YES;
				CLANG_WARN_INT_CONVERSION = YES;
				CLANG_WARN_OBJC_ROOT_CLASS = YES_ERROR;
				CLANG_WARN__DUPLICATE_METHOD_MATCH = YES;
				"CODE_SIGN_IDENTITY[sdk=iphoneos*]" = "iPhone Developer";
				COPY_PHASE_STRIP = YES;
				ENABLE_NS_ASSERTIONS = NO;
				GCC_C_LANGUAGE_STANDARD = gnu99;
				GCC_WARN_64_TO_32_BIT_CONVERSION = YES;
				GCC_WARN_ABOUT_RETURN_TYPE = YES_ERROR;
				GCC_WARN_UNDECLARED_SELECTOR = YES;
				GCC_WARN_UNINITIALIZED_AUTOS = YES_AGGRESSIVE;
				GCC_WARN_UNUSED_FUNCTION = YES;
				GCC_WARN_UNUSED_VARIABLE = YES;
				IPHONEOS_DEPLOYMENT_TARGET = 7.1;
				SDKROOT = iphoneos;
				TARGETED_DEVICE_FAMILY = "1,2";
				VALIDATE_PRODUCT = YES;
			};
			name = Release;
		};
		04B323441920ED1400C055FF /* Debug */ = {
			isa = XCBuildConfiguration;
			buildSettings = {
				ASSETCATALOG_COMPILER_LAUNCHIMAGE_NAME = LaunchImage;
				CODE_SIGN_IDENTITY = "iPhone Developer";
				GCC_PRECOMPILE_PREFIX_HEADER = YES;
				GCC_PREFIX_HEADER = "KENDivination/KENDivination-Prefix.pch";
				INFOPLIST_FILE = "KENDivination/KENDivination-Info.plist";
				IPHONEOS_DEPLOYMENT_TARGET = 6.0;
				PRODUCT_NAME = "$(TARGET_NAME)";
				WRAPPER_EXTENSION = app;
			};
			name = Debug;
		};
		04B323451920ED1400C055FF /* Release */ = {
			isa = XCBuildConfiguration;
			buildSettings = {
				ASSETCATALOG_COMPILER_LAUNCHIMAGE_NAME = LaunchImage;
				CODE_SIGN_IDENTITY = "iPhone Developer";
				GCC_PRECOMPILE_PREFIX_HEADER = YES;
				GCC_PREFIX_HEADER = "KENDivination/KENDivination-Prefix.pch";
				INFOPLIST_FILE = "KENDivination/KENDivination-Info.plist";
				IPHONEOS_DEPLOYMENT_TARGET = 6.0;
				PRODUCT_NAME = "$(TARGET_NAME)";
				WRAPPER_EXTENSION = app;
			};
			name = Release;
		};
		04B323471920ED1400C055FF /* Debug */ = {
			isa = XCBuildConfiguration;
			buildSettings = {
				BUNDLE_LOADER = "$(BUILT_PRODUCTS_DIR)/KENDivination.app/KENDivination";
				FRAMEWORK_SEARCH_PATHS = (
					"$(SDKROOT)/Developer/Library/Frameworks",
					"$(inherited)",
					"$(DEVELOPER_FRAMEWORKS_DIR)",
				);
				GCC_PRECOMPILE_PREFIX_HEADER = YES;
				GCC_PREFIX_HEADER = "KENDivination/KENDivination-Prefix.pch";
				GCC_PREPROCESSOR_DEFINITIONS = (
					"DEBUG=1",
					"$(inherited)",
				);
				INFOPLIST_FILE = "KENDivinationTests/KENDivinationTests-Info.plist";
				PRODUCT_NAME = "$(TARGET_NAME)";
				TEST_HOST = "$(BUNDLE_LOADER)";
				WRAPPER_EXTENSION = xctest;
			};
			name = Debug;
		};
		04B323481920ED1400C055FF /* Release */ = {
			isa = XCBuildConfiguration;
			buildSettings = {
				BUNDLE_LOADER = "$(BUILT_PRODUCTS_DIR)/KENDivination.app/KENDivination";
				FRAMEWORK_SEARCH_PATHS = (
					"$(SDKROOT)/Developer/Library/Frameworks",
					"$(inherited)",
					"$(DEVELOPER_FRAMEWORKS_DIR)",
				);
				GCC_PRECOMPILE_PREFIX_HEADER = YES;
				GCC_PREFIX_HEADER = "KENDivination/KENDivination-Prefix.pch";
				INFOPLIST_FILE = "KENDivinationTests/KENDivinationTests-Info.plist";
				PRODUCT_NAME = "$(TARGET_NAME)";
				TEST_HOST = "$(BUNDLE_LOADER)";
				WRAPPER_EXTENSION = xctest;
			};
			name = Release;
		};
/* End XCBuildConfiguration section */

/* Begin XCConfigurationList section */
		04B3230C1920ED1400C055FF /* Build configuration list for PBXProject "KENDivination" */ = {
			isa = XCConfigurationList;
			buildConfigurations = (
				04B323411920ED1400C055FF /* Debug */,
				04B323421920ED1400C055FF /* Release */,
			);
			defaultConfigurationIsVisible = 0;
			defaultConfigurationName = Release;
		};
		04B323431920ED1400C055FF /* Build configuration list for PBXNativeTarget "KENDivination" */ = {
			isa = XCConfigurationList;
			buildConfigurations = (
				04B323441920ED1400C055FF /* Debug */,
				04B323451920ED1400C055FF /* Release */,
			);
			defaultConfigurationIsVisible = 0;
			defaultConfigurationName = Release;
		};
		04B323461920ED1400C055FF /* Build configuration list for PBXNativeTarget "KENDivinationTests" */ = {
			isa = XCConfigurationList;
			buildConfigurations = (
				04B323471920ED1400C055FF /* Debug */,
				04B323481920ED1400C055FF /* Release */,
			);
			defaultConfigurationIsVisible = 0;
			defaultConfigurationName = Release;
		};
/* End XCConfigurationList section */

/* Begin XCVersionGroup section */
		04B323521920EE0700C055FF /* KENDivination.xcdatamodeld */ = {
			isa = XCVersionGroup;
			children = (
				04B323531920EE0700C055FF /* KENDivination.xcdatamodel */,
			);
			currentVersion = 04B323531920EE0700C055FF /* KENDivination.xcdatamodel */;
			path = KENDivination.xcdatamodeld;
			sourceTree = "<group>";
			versionGroupType = wrapper.xcdatamodel;
		};
/* End XCVersionGroup section */
	};
	rootObject = 04B323091920ED1400C055FF /* Project object */;
}
